
Microsoft Visual Studio Solution File, Format Version 12.00
# Visual Studio Version 17
VisualStudioVersion = 17.9.34902.65
MinimumVisualStudioVersion = 10.0.40219.1
Project("{FAE04EC0-301F-11D3-BF4B-00C04F79EFBC}") = "DataGridView_MySQL_CS", "DataGridView_MySQL_CS\DataGridView_MySQL_CS.csproj", "{892B0F00-5C72-41ED-8A76-BF5268E758C6}"
EndProject
Global
	GlobalSection(SolutionConfigurationPlatforms) = preSolution
		Debug|Any CPU = Debug|Any CPU
		Release|Any CPU = Release|Any CPU
	EndGlobalSection
	GlobalSection(ProjectConfigurationPlatforms) = postSolution
		{892B0F00-5C72-41ED-8A76-BF5268E758C6}.Debug|Any CPU.ActiveCfg = Debug|Any CPU
		{892B0F00-5C72-41ED-8A76-BF5268E758C6}.Debug|Any CPU.Build.0 = Debug|Any CPU
		{892B0F00-5C72-41ED-8A76-BF5268E758C6}.Release|Any CPU.ActiveCfg = Release|Any CPU
		{892B0F00-5C72-41ED-8A76-BF5268E758C6}.Release|Any CPU.Build.0 = Release|Any CPU
		{A155379E-B182-466D-9081-0B826DB9B2CA}.Debug|Any CPU.ActiveCfg = Debug|Any CPU
		{A155379E-B182-466D-9081-0B826DB9B2CA}.Debug|Any CPU.Build.0 = Debug|Any CPU
		{A155379E-B182-466D-9081-0B826DB9B2CA}.Release|Any CPU.ActiveCfg = Release|Any CPU
		{A155379E-B182-466D-9081-0B826DB9B2CA}.Release|Any CPU.Build.0 = Release|Any CPU
	EndGlobalSection
	GlobalSection(SolutionProperties) = preSolution
		HideSolutionNode = FALSE
	EndGlobalSection
	GlobalSection(ExtensibilityGlobals) = postSolution
		SolutionGuid = {69447CF9-7699-4D75-9869-6DF104294C33}
	EndGlobalSection
EndGlobal
